// !$*UTF8*$!
{
	archiveVersion = 1;
	classes = {
	};
	objectVersion = 48;
	objects = {

/* Begin PBXBuildFile section */
		9031B0351F748FC900187898 /* MyProductHunterTests.swift in Sources */ = {isa = PBXBuildFile; fileRef = 9031B0341F748FC900187898 /* MyProductHunterTests.swift */; };
		9031B03E1F74A4D100187898 /* Constants.swift in Sources */ = {isa = PBXBuildFile; fileRef = 9031B03D1F74A4D100187898 /* Constants.swift */; };
		9031B0401F74A5DC00187898 /* ProfileService.swift in Sources */ = {isa = PBXBuildFile; fileRef = 9031B03F1F74A5DC00187898 /* ProfileService.swift */; };
		9031B0441F74A65400187898 /* User.swift in Sources */ = {isa = PBXBuildFile; fileRef = 9031B0431F74A65400187898 /* User.swift */; };
		9031B0461F74A68B00187898 /* ProductsService.swift in Sources */ = {isa = PBXBuildFile; fileRef = 9031B0451F74A68B00187898 /* ProductsService.swift */; };
		9031B0481F74A74400187898 /* Posts.swift in Sources */ = {isa = PBXBuildFile; fileRef = 9031B0471F74A74400187898 /* Posts.swift */; };
		9031B04A1F74AE3600187898 /* Comment.swift in Sources */ = {isa = PBXBuildFile; fileRef = 9031B0491F74AE3600187898 /* Comment.swift */; };
		9043F2D31F733E90004FA19C /* AppDelegate.swift in Sources */ = {isa = PBXBuildFile; fileRef = 9043F2D21F733E90004FA19C /* AppDelegate.swift */; };
		9043F2D51F733E90004FA19C /* ViewController.swift in Sources */ = {isa = PBXBuildFile; fileRef = 9043F2D41F733E90004FA19C /* ViewController.swift */; };
		9043F2D81F733E90004FA19C /* Main.storyboard in Resources */ = {isa = PBXBuildFile; fileRef = 9043F2D61F733E90004FA19C /* Main.storyboard */; };
		9043F2DA1F733E90004FA19C /* Assets.xcassets in Resources */ = {isa = PBXBuildFile; fileRef = 9043F2D91F733E90004FA19C /* Assets.xcassets */; };
		9043F2DD1F733E90004FA19C /* LaunchScreen.storyboard in Resources */ = {isa = PBXBuildFile; fileRef = 9043F2DB1F733E90004FA19C /* LaunchScreen.storyboard */; };
/* End PBXBuildFile section */

/* Begin PBXContainerItemProxy section */
		9031B0371F748FC900187898 /* PBXContainerItemProxy */ = {
			isa = PBXContainerItemProxy;
			containerPortal = 9043F2C71F733E8F004FA19C /* Project object */;
			proxyType = 1;
			remoteGlobalIDString = 9043F2CE1F733E8F004FA19C;
			remoteInfo = MyProductHunter;
		};
/* End PBXContainerItemProxy section */

/* Begin PBXFileReference section */
		9031B0321F748FC900187898 /* MyProductHunterTests.xctest */ = {isa = PBXFileReference; explicitFileType = wrapper.cfbundle; includeInIndex = 0; path = MyProductHunterTests.xctest; sourceTree = BUILT_PRODUCTS_DIR; };
		9031B0341F748FC900187898 /* MyProductHunterTests.swift */ = {isa = PBXFileReference; lastKnownFileType = sourcecode.swift; path = MyProductHunterTests.swift; sourceTree = "<group>"; };
		9031B0361F748FC900187898 /* Info.plist */ = {isa = PBXFileReference; lastKnownFileType = text.plist.xml; path = Info.plist; sourceTree = "<group>"; };
		9031B03D1F74A4D100187898 /* Constants.swift */ = {isa = PBXFileReference; lastKnownFileType = sourcecode.swift; path = Constants.swift; sourceTree = "<group>"; };
		9031B03F1F74A5DC00187898 /* ProfileService.swift */ = {isa = PBXFileReference; lastKnownFileType = sourcecode.swift; path = ProfileService.swift; sourceTree = "<group>"; };
		9031B0431F74A65400187898 /* User.swift */ = {isa = PBXFileReference; lastKnownFileType = sourcecode.swift; path = User.swift; sourceTree = "<group>"; };
		9031B0451F74A68B00187898 /* ProductsService.swift */ = {isa = PBXFileReference; lastKnownFileType = sourcecode.swift; path = ProductsService.swift; sourceTree = "<group>"; };
		9031B0471F74A74400187898 /* Posts.swift */ = {isa = PBXFileReference; lastKnownFileType = sourcecode.swift; path = Posts.swift; sourceTree = "<group>"; };
		9031B0491F74AE3600187898 /* Comment.swift */ = {isa = PBXFileReference; lastKnownFileType = sourcecode.swift; path = Comment.swift; sourceTree = "<group>"; };
		9043F2CF1F733E8F004FA19C /* MyProductHunter.app */ = {isa = PBXFileReference; explicitFileType = wrapper.application; includeInIndex = 0; path = MyProductHunter.app; sourceTree = BUILT_PRODUCTS_DIR; };
		9043F2D21F733E90004FA19C /* AppDelegate.swift */ = {isa = PBXFileReference; lastKnownFileType = sourcecode.swift; path = AppDelegate.swift; sourceTree = "<group>"; };
		9043F2D41F733E90004FA19C /* ViewController.swift */ = {isa = PBXFileReference; lastKnownFileType = sourcecode.swift; path = ViewController.swift; sourceTree = "<group>"; };
		9043F2D71F733E90004FA19C /* Base */ = {isa = PBXFileReference; lastKnownFileType = file.storyboard; name = Base; path = Base.lproj/Main.storyboard; sourceTree = "<group>"; };
		9043F2D91F733E90004FA19C /* Assets.xcassets */ = {isa = PBXFileReference; lastKnownFileType = folder.assetcatalog; path = Assets.xcassets; sourceTree = "<group>"; };
		9043F2DC1F733E90004FA19C /* Base */ = {isa = PBXFileReference; lastKnownFileType = file.storyboard; name = Base; path = Base.lproj/LaunchScreen.storyboard; sourceTree = "<group>"; };
		9043F2DE1F733E90004FA19C /* Info.plist */ = {isa = PBXFileReference; lastKnownFileType = text.plist.xml; path = Info.plist; sourceTree = "<group>"; };
/* End PBXFileReference section */

/* Begin PBXFrameworksBuildPhase section */
		9031B02F1F748FC900187898 /* Frameworks */ = {
			isa = PBXFrameworksBuildPhase;
			buildActionMask = 2147483647;
			files = (
			);
			runOnlyForDeploymentPostprocessing = 0;
		};
		9043F2CC1F733E8F004FA19C /* Frameworks */ = {
			isa = PBXFrameworksBuildPhase;
			buildActionMask = 2147483647;
			files = (
			);
			runOnlyForDeploymentPostprocessing = 0;
		};
/* End PBXFrameworksBuildPhase section */

/* Begin PBXGroup section */
		9031B0331F748FC900187898 /* MyProductHunterTests */ = {
			isa = PBXGroup;
			children = (
				9031B0341F748FC900187898 /* MyProductHunterTests.swift */,
				9031B0361F748FC900187898 /* Info.plist */,
			);
			path = MyProductHunterTests;
			sourceTree = "<group>";
		};
		9031B03C1F74A4A900187898 /* Supporting */ = {
			isa = PBXGroup;
			children = (
				9031B03D1F74A4D100187898 /* Constants.swift */,
			);
			path = Supporting;
			sourceTree = "<group>";
		};
		9031B0411F74A5E100187898 /* Services */ = {
			isa = PBXGroup;
			children = (
				9031B03F1F74A5DC00187898 /* ProfileService.swift */,
				9031B0451F74A68B00187898 /* ProductsService.swift */,
			);
			path = Services;
			sourceTree = "<group>";
		};
		9031B0421F74A64900187898 /* Model */ = {
			isa = PBXGroup;
			children = (
				9031B0431F74A65400187898 /* User.swift */,
				9031B0471F74A74400187898 /* Posts.swift */,
				9031B0491F74AE3600187898 /* Comment.swift */,
			);
			path = Model;
			sourceTree = "<group>";
		};
		9043F2C61F733E8F004FA19C = {
			isa = PBXGroup;
			children = (
				9043F2D11F733E8F004FA19C /* MyProductHunter */,
				9031B0331F748FC900187898 /* MyProductHunterTests */,
				9043F2D01F733E8F004FA19C /* Products */,
			);
			sourceTree = "<group>";
		};
		9043F2D01F733E8F004FA19C /* Products */ = {
			isa = PBXGroup;
			children = (
				9043F2CF1F733E8F004FA19C /* MyProductHunter.app */,
				9031B0321F748FC900187898 /* MyProductHunterTests.xctest */,
			);
			name = Products;
			sourceTree = "<group>";
		};
		9043F2D11F733E8F004FA19C /* MyProductHunter */ = {
			isa = PBXGroup;
			children = (
				9031B0421F74A64900187898 /* Model */,
				9031B0411F74A5E100187898 /* Services */,
				9031B03C1F74A4A900187898 /* Supporting */,
				9043F2D21F733E90004FA19C /* AppDelegate.swift */,
				9043F2D41F733E90004FA19C /* ViewController.swift */,
				9043F2D61F733E90004FA19C /* Main.storyboard */,
				9043F2D91F733E90004FA19C /* Assets.xcassets */,
				9043F2DB1F733E90004FA19C /* LaunchScreen.storyboard */,
				9043F2DE1F733E90004FA19C /* Info.plist */,
			);
			path = MyProductHunter;
			sourceTree = "<group>";
		};
/* End PBXGroup section */

/* Begin PBXNativeTarget section */
		9031B0311F748FC900187898 /* MyProductHunterTests */ = {
			isa = PBXNativeTarget;
			buildConfigurationList = 9031B03B1F748FC900187898 /* Build configuration list for PBXNativeTarget "MyProductHunterTests" */;
			buildPhases = (
				9031B02E1F748FC900187898 /* Sources */,
				9031B02F1F748FC900187898 /* Frameworks */,
				9031B0301F748FC900187898 /* Resources */,
			);
			buildRules = (
			);
			dependencies = (
				9031B0381F748FC900187898 /* PBXTargetDependency */,
			);
			name = MyProductHunterTests;
			productName = MyProductHunterTests;
			productReference = 9031B0321F748FC900187898 /* MyProductHunterTests.xctest */;
			productType = "com.apple.product-type.bundle.unit-test";
		};
		9043F2CE1F733E8F004FA19C /* MyProductHunter */ = {
			isa = PBXNativeTarget;
			buildConfigurationList = 9043F2E11F733E90004FA19C /* Build configuration list for PBXNativeTarget "MyProductHunter" */;
			buildPhases = (
				9043F2CB1F733E8F004FA19C /* Sources */,
				9043F2CC1F733E8F004FA19C /* Frameworks */,
				9043F2CD1F733E8F004FA19C /* Resources */,
			);
			buildRules = (
			);
			dependencies = (
			);
			name = MyProductHunter;
			productName = MyProductHunter;
			productReference = 9043F2CF1F733E8F004FA19C /* MyProductHunter.app */;
			productType = "com.apple.product-type.application";
		};
/* End PBXNativeTarget section */

/* Begin PBXProject section */
		9043F2C71F733E8F004FA19C /* Project object */ = {
			isa = PBXProject;
			attributes = {
				LastSwiftUpdateCheck = 0900;
				LastUpgradeCheck = 0900;
				ORGANIZATIONNAME = Specialist;
				TargetAttributes = {
					9031B0311F748FC900187898 = {
						CreatedOnToolsVersion = 9.0;
						ProvisioningStyle = Automatic;
						TestTargetID = 9043F2CE1F733E8F004FA19C;
					};
					9043F2CE1F733E8F004FA19C = {
						CreatedOnToolsVersion = 9.0;
						ProvisioningStyle = Automatic;
					};
				};
			};
			buildConfigurationList = 9043F2CA1F733E8F004FA19C /* Build configuration list for PBXProject "MyProductHunter" */;
			compatibilityVersion = "Xcode 8.0";
			developmentRegion = en;
			hasScannedForEncodings = 0;
			knownRegions = (
				en,
				Base,
			);
			mainGroup = 9043F2C61F733E8F004FA19C;
			productRefGroup = 9043F2D01F733E8F004FA19C /* Products */;
			projectDirPath = "";
			projectRoot = "";
			targets = (
				9043F2CE1F733E8F004FA19C /* MyProductHunter */,
				9031B0311F748FC900187898 /* MyProductHunterTests */,
			);
		};
/* End PBXProject section */

/* Begin PBXResourcesBuildPhase section */
		9031B0301F748FC900187898 /* Resources */ = {
			isa = PBXResourcesBuildPhase;
			buildActionMask = 2147483647;
			files = (
			);
			runOnlyForDeploymentPostprocessing = 0;
		};
		9043F2CD1F733E8F004FA19C /* Resources */ = {
			isa = PBXResourcesBuildPhase;
			buildActionMask = 2147483647;
			files = (
				9043F2DD1F733E90004FA19C /* LaunchScreen.storyboard in Resources */,
				9043F2DA1F733E90004FA19C /* Assets.xcassets in Resources */,
				9043F2D81F733E90004FA19C /* Main.storyboard in Resources */,
			);
			runOnlyForDeploymentPostprocessing = 0;
		};
/* End PBXResourcesBuildPhase section */

/* Begin PBXSourcesBuildPhase section */
		9031B02E1F748FC900187898 /* Sources */ = {
			isa = PBXSourcesBuildPhase;
			buildActionMask = 2147483647;
			files = (
				9031B0351F748FC900187898 /* MyProductHunterTests.swift in Sources */,
			);
			runOnlyForDeploymentPostprocessing = 0;
		};
		9043F2CB1F733E8F004FA19C /* Sources */ = {
			isa = PBXSourcesBuildPhase;
			buildActionMask = 2147483647;
			files = (
				9043F2D51F733E90004FA19C /* ViewController.swift in Sources */,
				9031B0481F74A74400187898 /* Posts.swift in Sources */,
				9031B0401F74A5DC00187898 /* ProfileService.swift in Sources */,
				9031B04A1F74AE3600187898 /* Comment.swift in Sources */,
				9043F2D31F733E90004FA19C /* AppDelegate.swift in Sources */,
				9031B0441F74A65400187898 /* User.swift in Sources */,
				9031B03E1F74A4D100187898 /* Constants.swift in Sources */,
				9031B0461F74A68B00187898 /* ProductsService.swift in Sources */,
			);
			runOnlyForDeploymentPostprocessing = 0;
		};
/* End PBXSourcesBuildPhase section */

/* Begin PBXTargetDependency section */
		9031B0381F748FC900187898 /* PBXTargetDependency */ = {
			isa = PBXTargetDependency;
			target = 9043F2CE1F733E8F004FA19C /* MyProductHunter */;
			targetProxy = 9031B0371F748FC900187898 /* PBXContainerItemProxy */;
		};
/* End PBXTargetDependency section */

/* Begin PBXVariantGroup section */
		9043F2D61F733E90004FA19C /* Main.storyboard */ = {
			isa = PBXVariantGroup;
			children = (
				9043F2D71F733E90004FA19C /* Base */,
			);
			name = Main.storyboard;
			sourceTree = "<group>";
		};
		9043F2DB1F733E90004FA19C /* LaunchScreen.storyboard */ = {
			isa = PBXVariantGroup;
			children = (
				9043F2DC1F733E90004FA19C /* Base */,
			);
			name = LaunchScreen.storyboard;
			sourceTree = "<group>";
		};
/* End PBXVariantGroup section */

/* Begin XCBuildConfiguration section */
		9031B0391F748FC900187898 /* Debug */ = {
			isa = XCBuildConfiguration;
			buildSettings = {
				BUNDLE_LOADER = "$(TEST_HOST)";
				CODE_SIGN_STYLE = Automatic;
				DEVELOPMENT_TEAM = EP435FJL2Z;
				INFOPLIST_FILE = MyProductHunterTests/Info.plist;
				LD_RUNPATH_SEARCH_PATHS = "$(inherited) @executable_path/Frameworks @loader_path/Frameworks";
				PRODUCT_BUNDLE_IDENTIFIER = com.Specialist.Dev.MyProductHunterTests;
				PRODUCT_NAME = "$(TARGET_NAME)";
				SWIFT_VERSION = 4.0;
				TARGETED_DEVICE_FAMILY = "1,2";
				TEST_HOST = "$(BUILT_PRODUCTS_DIR)/MyProductHunter.app/MyProductHunter";
			};
			name = Debug;
		};
		9031B03A1F748FC900187898 /* Release */ = {
			isa = XCBuildConfiguration;
			buildSettings = {
				BUNDLE_LOADER = "$(TEST_HOST)";
				CODE_SIGN_STYLE = Automatic;
				DEVELOPMENT_TEAM = EP435FJL2Z;
				INFOPLIST_FILE = MyProductHunterTests/Info.plist;
				LD_RUNPATH_SEARCH_PATHS = "$(inherited) @executable_path/Frameworks @loader_path/Frameworks";
				PRODUCT_BUNDLE_IDENTIFIER = com.Specialist.Dev.MyProductHunterTests;
				PRODUCT_NAME = "$(TARGET_NAME)";
				SWIFT_VERSION = 4.0;
				TARGETED_DEVICE_FAMILY = "1,2";
				TEST_HOST = "$(BUILT_PRODUCTS_DIR)/MyProductHunter.app/MyProductHunter";
			};
			name = Release;
		};
		9043F2DF1F733E90004FA19C /* Debug */ = {
			isa = XCBuildConfiguration;
			buildSettings = {
				ALWAYS_SEARCH_USER_PATHS = NO;
				CLANG_ANALYZER_NONNULL = YES;
				CLANG_ANALYZER_NUMBER_OBJECT_CONVERSION = YES_AGGRESSIVE;
				CLANG_CXX_LANGUAGE_STANDARD = "gnu++14";
				CLANG_CXX_LIBRARY = "libc++";
				CLANG_ENABLE_MODULES = YES;
				CLANG_ENABLE_OBJC_ARC = YES;
				CLANG_WARN_BLOCK_CAPTURE_AUTORELEASING = YES;
				CLANG_WARN_BOOL_CONVERSION = YES;
				CLANG_WARN_COMMA = YES;
				CLANG_WARN_CONSTANT_CONVERSION = YES;
				CLANG_WARN_DIRECT_OBJC_ISA_USAGE = YES_ERROR;
				CLANG_WARN_DOCUMENTATION_COMMENTS = YES;
				CLANG_WARN_EMPTY_BODY = YES;
				CLANG_WARN_ENUM_CONVERSION = YES;
				CLANG_WARN_INFINITE_RECURSION = YES;
				CLANG_WARN_INT_CONVERSION = YES;
				CLANG_WARN_NON_LITERAL_NULL_CONVERSION = YES;
				CLANG_WARN_OBJC_LITERAL_CONVERSION = YES;
				CLANG_WARN_OBJC_ROOT_CLASS = YES_ERROR;
				CLANG_WARN_RANGE_LOOP_ANALYSIS = YES;
				CLANG_WARN_STRICT_PROTOTYPES = YES;
				CLANG_WARN_SUSPICIOUS_MOVE = YES;
				CLANG_WARN_UNGUARDED_AVAILABILITY = YES_AGGRESSIVE;
				CLANG_WARN_UNREACHABLE_CODE = YES;
				CLANG_WARN__DUPLICATE_METHOD_MATCH = YES;
				CODE_SIGN_IDENTITY = "iPhone Developer";
				COPY_PHASE_STRIP = NO;
				DEBUG_INFORMATION_FORMAT = dwarf;
				ENABLE_STRICT_OBJC_MSGSEND = YES;
				ENABLE_TESTABILITY = YES;
				GCC_C_LANGUAGE_STANDARD = gnu11;
				GCC_DYNAMIC_NO_PIC = NO;
				GCC_NO_COMMON_BLOCKS = YES;
				GCC_OPTIMIZATION_LEVEL = 0;
				GCC_PREPROCESSOR_DEFINITIONS = (
					"DEBUG=1",
					"$(inherited)",
				);
				GCC_WARN_64_TO_32_BIT_CONVERSION = YES;
				GCC_WARN_ABOUT_RETURN_TYPE = YES_ERROR;
				GCC_WARN_UNDECLARED_SELECTOR = YES;
				GCC_WARN_UNINITIALIZED_AUTOS = YES_AGGRESSIVE;
				GCC_WARN_UNUSED_FUNCTION = YES;
				GCC_WARN_UNUSED_VARIABLE = YES;
				IPHONEOS_DEPLOYMENT_TARGET = 11.0;
				MTL_ENABLE_DEBUG_INFO = YES;
				ONLY_ACTIVE_ARCH = YES;
				SDKROOT = iphoneos;
				SWIFT_ACTIVE_COMPILATION_CONDITIONS = DEBUG;
				SWIFT_OPTIMIZATION_LEVEL = "-Onone";
			};
			name = Debug;
		};
		9043F2E01F733E90004FA19C /* Release */ = {
			isa = XCBuildConfiguration;
			buildSettings = {
				ALWAYS_SEARCH_USER_PATHS = NO;
				CLANG_ANALYZER_NONNULL = YES;
				CLANG_ANALYZER_NUMBER_OBJECT_CONVERSION = YES_AGGRESSIVE;
				CLANG_CXX_LANGUAGE_STANDARD = "gnu++14";
				CLANG_CXX_LIBRARY = "libc++";
				CLANG_ENABLE_MODULES = YES;
				CLANG_ENABLE_OBJC_ARC = YES;
				CLANG_WARN_BLOCK_CAPTURE_AUTORELEASING = YES;
				CLANG_WARN_BOOL_CONVERSION = YES;
				CLANG_WARN_COMMA = YES;
				CLANG_WARN_CONSTANT_CONVERSION = YES;
				CLANG_WARN_DIRECT_OBJC_ISA_USAGE = YES_ERROR;
				CLANG_WARN_DOCUMENTATION_COMMENTS = YES;
				CLANG_WARN_EMPTY_BODY = YES;
				CLANG_WARN_ENUM_CONVERSION = YES;
				CLANG_WARN_INFINITE_RECURSION = YES;
				CLANG_WARN_INT_CONVERSION = YES;
				CLANG_WARN_NON_LITERAL_NULL_CONVERSION = YES;
				CLANG_WARN_OBJC_LITERAL_CONVERSION = YES;
				CLANG_WARN_OBJC_ROOT_CLASS = YES_ERROR;
				CLANG_WARN_RANGE_LOOP_ANALYSIS = YES;
				CLANG_WARN_STRICT_PROTOTYPES = YES;
				CLANG_WARN_SUSPICIOUS_MOVE = YES;
				CLANG_WARN_UNGUARDED_AVAILABILITY = YES_AGGRESSIVE;
				CLANG_WARN_UNREACHABLE_CODE = YES;
				CLANG_WARN__DUPLICATE_METHOD_MATCH = YES;
				CODE_SIGN_IDENTITY = "iPhone Developer";
				COPY_PHASE_STRIP = NO;
				DEBUG_INFORMATION_FORMAT = "dwarf-with-dsym";
				ENABLE_NS_ASSERTIONS = NO;
				ENABLE_STRICT_OBJC_MSGSEND = YES;
				GCC_C_LANGUAGE_STANDARD = gnu11;
				GCC_NO_COMMON_BLOCKS = YES;
				GCC_WARN_64_TO_32_BIT_CONVERSION = YES;
				GCC_WARN_ABOUT_RETURN_TYPE = YES_ERROR;
				GCC_WARN_UNDECLARED_SELECTOR = YES;
				GCC_WARN_UNINITIALIZED_AUTOS = YES_AGGRESSIVE;
				GCC_WARN_UNUSED_FUNCTION = YES;
				GCC_WARN_UNUSED_VARIABLE = YES;
				IPHONEOS_DEPLOYMENT_TARGET = 11.0;
				MTL_ENABLE_DEBUG_INFO = NO;
				SDKROOT = iphoneos;
				SWIFT_OPTIMIZATION_LEVEL = "-Owholemodule";
				VALIDATE_PRODUCT = YES;
			};
			name = Release;
		};
		9043F2E21F733E90004FA19C /* Debug */ = {
			isa = XCBuildConfiguration;
			buildSettings = {
				ASSETCATALOG_COMPILER_APPICON_NAME = AppIcon;
				CODE_SIGN_STYLE = Automatic;
				DEVELOPMENT_TEAM = EP435FJL2Z;
				INFOPLIST_FILE = MyProductHunter/Info.plist;
				LD_RUNPATH_SEARCH_PATHS = "$(inherited) @executable_path/Frameworks";
				PRODUCT_BUNDLE_IDENTIFIER = com.Specialist.Dev.MyProductHunter;
				PRODUCT_NAME = "$(TARGET_NAME)";
				SWIFT_VERSION = 4.0;
				TARGETED_DEVICE_FAMILY = "1,2";
			};
			name = Debug;
		};
		9043F2E31F733E90004FA19C /* Release */ = {
			isa = XCBuildConfiguration;
			buildSettings = {
				ASSETCATALOG_COMPILER_APPICON_NAME = AppIcon;
				CODE_SIGN_STYLE = Automatic;
				DEVELOPMENT_TEAM = EP435FJL2Z;
				INFOPLIST_FILE = MyProductHunter/Info.plist;
				LD_RUNPATH_SEARCH_PATHS = "$(inherited) @executable_path/Frameworks";
				PRODUCT_BUNDLE_IDENTIFIER = com.Specialist.Dev.MyProductHunter;
				PRODUCT_NAME = "$(TARGET_NAME)";
				SWIFT_VERSION = 4.0;
				TARGETED_DEVICE_FAMILY = "1,2";
			};
			name = Release;
		};
/* End XCBuildConfiguration section */

/* Begin XCConfigurationList section */
		9031B03B1F748FC900187898 /* Build configuration list for PBXNativeTarget "MyProductHunterTests" */ = {
			isa = XCConfigurationList;
			buildConfigurations = (
				9031B0391F748FC900187898 /* Debug */,
				9031B03A1F748FC900187898 /* Release */,
			);
			defaultConfigurationIsVisible = 0;
			defaultConfigurationName = Release;
		};
		9043F2CA1F733E8F004FA19C /* Build configuration list for PBXProject "MyProductHunter" */ = {
			isa = XCConfigurationList;
			buildConfigurations = (
				9043F2DF1F733E90004FA19C /* Debug */,
				9043F2E01F733E90004FA19C /* Release */,
			);
			defaultConfigurationIsVisible = 0;
			defaultConfigurationName = Release;
		};
		9043F2E11F733E90004FA19C /* Build configuration list for PBXNativeTarget "MyProductHunter" */ = {
			isa = XCConfigurationList;
			buildConfigurations = (
				9043F2E21F733E90004FA19C /* Debug */,
				9043F2E31F733E90004FA19C /* Release */,
			);
			defaultConfigurationIsVisible = 0;
			defaultConfigurationName = Release;
		};
/* End XCConfigurationList section */
	};
	rootObject = 9043F2C71F733E8F004FA19C /* Project object */;
}
